
Microsoft Visual Studio Solution File, Format Version 12.00
# Visual Studio Version 17
VisualStudioVersion = 17.3.32519.111
MinimumVisualStudioVersion = 10.0.40219.1
Project("{FAE04EC0-301F-11D3-BF4B-00C04F79EFBC}") = "MsixvcPackageDownloader", "MsixvcPackageDownloader\MsixvcPackageDownloader.csproj", "{43BC982B-6172-4F8A-B0EA-4365DBEFF172}"
EndProject
Global
	GlobalSection(SolutionConfigurationPlatforms) = preSolution
		Debug|Any CPU = Debug|Any CPU
		Release|Any CPU = Release|Any CPU
	EndGlobalSection
	GlobalSection(ProjectConfigurationPlatforms) = postSolution
		{43BC982B-6172-4F8A-B0EA-4365DBEFF172}.Debug|Any CPU.ActiveCfg = Debug|Any CPU
		{43BC982B-6172-4F8A-B0EA-4365DBEFF172}.Debug|Any CPU.Build.0 = Debug|Any CPU
		{43BC982B-6172-4F8A-B0EA-4365DBEFF172}.Release|Any CPU.ActiveCfg = Release|Any CPU
		{43BC982B-6172-4F8A-B0EA-4365DBEFF172}.Release|Any CPU.Build.0 = Release|Any CPU
	EndGlobalSection
	GlobalSection(SolutionProperties) = preSolution
		HideSolutionNode = FALSE
	EndGlobalSection
	GlobalSection(ExtensibilityGlobals) = postSolution
		SolutionGuid = {439D1A84-5099-4D86-A566-0745A1247A7D}
	EndGlobalSection
EndGlobal
